
Microsoft Visual Studio Solution File, Format Version 12.00
# Visual Studio Version 16
VisualStudioVersion = 16.0.33927.289
MinimumVisualStudioVersion = 10.0.40219.1
Project("{FAE04EC0-301F-11D3-BF4B-00C04F79EFBC}") = "Laba_7_V_11", "Laba_7_V_11.csproj", "{103D8EC4-9072-4E12-B428-6ECC84A9CFEA}"
EndProject
Global
	GlobalSection(SolutionConfigurationPlatforms) = preSolution
		Debug|Any CPU = Debug|Any CPU
		Release|Any CPU = Release|Any CPU
	EndGlobalSection
	GlobalSection(ProjectConfigurationPlatforms) = postSolution
		{103D8EC4-9072-4E12-B428-6ECC84A9CFEA}.Debug|Any CPU.ActiveCfg = Debug|Any CPU
		{103D8EC4-9072-4E12-B428-6ECC84A9CFEA}.Debug|Any CPU.Build.0 = Debug|Any CPU
		{103D8EC4-9072-4E12-B428-6ECC84A9CFEA}.Release|Any CPU.ActiveCfg = Release|Any CPU
		{103D8EC4-9072-4E12-B428-6ECC84A9CFEA}.Release|Any CPU.Build.0 = Release|Any CPU
	EndGlobalSection
	GlobalSection(SolutionProperties) = preSolution
		HideSolutionNode = FALSE
	EndGlobalSection
	GlobalSection(ExtensibilityGlobals) = postSolution
		SolutionGuid = {EEAC8045-FF97-447E-BDBA-BF9174775E36}
	EndGlobalSection
EndGlobal
